// !$*UTF8*$!
{
	archiveVersion = 1;
	classes = {
	};
	objectVersion = 50;
	objects = {

/* Begin PBXBuildFile section */
		703F15C624A0F60000CD5021 /* AppDelegate.swift in Sources */ = {isa = PBXBuildFile; fileRef = 703F15C524A0F60000CD5021 /* AppDelegate.swift */; };
		703F15C824A0F60000CD5021 /* SceneDelegate.swift in Sources */ = {isa = PBXBuildFile; fileRef = 703F15C724A0F60000CD5021 /* SceneDelegate.swift */; };
		703F15CA24A0F60000CD5021 /* ViewController.swift in Sources */ = {isa = PBXBuildFile; fileRef = 703F15C924A0F60000CD5021 /* ViewController.swift */; };
		703F15CD24A0F60000CD5021 /* Main.storyboard in Resources */ = {isa = PBXBuildFile; fileRef = 703F15CB24A0F60000CD5021 /* Main.storyboard */; };
		703F15D024A0F60000CD5021 /* ImageCollector.xcdatamodeld in Sources */ = {isa = PBXBuildFile; fileRef = 703F15CE24A0F60000CD5021 /* ImageCollector.xcdatamodeld */; };
		703F15D224A0F60700CD5021 /* Assets.xcassets in Resources */ = {isa = PBXBuildFile; fileRef = 703F15D124A0F60700CD5021 /* Assets.xcassets */; };
		703F15D524A0F60700CD5021 /* LaunchScreen.storyboard in Resources */ = {isa = PBXBuildFile; fileRef = 703F15D324A0F60700CD5021 /* LaunchScreen.storyboard */; };
/* End PBXBuildFile section */

/* Begin PBXFileReference section */
		703F15C224A0F60000CD5021 /* ImageCollector.app */ = {isa = PBXFileReference; explicitFileType = wrapper.application; includeInIndex = 0; path = ImageCollector.app; sourceTree = BUILT_PRODUCTS_DIR; };
		703F15C524A0F60000CD5021 /* AppDelegate.swift */ = {isa = PBXFileReference; lastKnownFileType = sourcecode.swift; path = AppDelegate.swift; sourceTree = "<group>"; };
		703F15C724A0F60000CD5021 /* SceneDelegate.swift */ = {isa = PBXFileReference; lastKnownFileType = sourcecode.swift; path = SceneDelegate.swift; sourceTree = "<group>"; };
		703F15C924A0F60000CD5021 /* ViewController.swift */ = {isa = PBXFileReference; lastKnownFileType = sourcecode.swift; path = ViewController.swift; sourceTree = "<group>"; };
		703F15CC24A0F60000CD5021 /* Base */ = {isa = PBXFileReference; lastKnownFileType = file.storyboard; name = Base; path = Base.lproj/Main.storyboard; sourceTree = "<group>"; };
		703F15CF24A0F60000CD5021 /* ImageCollector.xcdatamodel */ = {isa = PBXFileReference; lastKnownFileType = wrapper.xcdatamodel; path = ImageCollector.xcdatamodel; sourceTree = "<group>"; };
		703F15D124A0F60700CD5021 /* Assets.xcassets */ = {isa = PBXFileReference; lastKnownFileType = folder.assetcatalog; path = Assets.xcassets; sourceTree = "<group>"; };
		703F15D424A0F60700CD5021 /* Base */ = {isa = PBXFileReference; lastKnownFileType = file.storyboard; name = Base; path = Base.lproj/LaunchScreen.storyboard; sourceTree = "<group>"; };
		703F15D624A0F60700CD5021 /* Info.plist */ = {isa = PBXFileReference; lastKnownFileType = text.plist.xml; path = Info.plist; sourceTree = "<group>"; };
/* End PBXFileReference section */

/* Begin PBXFrameworksBuildPhase section */
		703F15BF24A0F60000CD5021 /* Frameworks */ = {
			isa = PBXFrameworksBuildPhase;
			buildActionMask = 2147483647;
			files = (
			);
			runOnlyForDeploymentPostprocessing = 0;
		};
/* End PBXFrameworksBuildPhase section */

/* Begin PBXGroup section */
		703F15B924A0F60000CD5021 = {
			isa = PBXGroup;
			children = (
				703F15C424A0F60000CD5021 /* ImageCollector */,
				703F15C324A0F60000CD5021 /* Products */,
			);
			sourceTree = "<group>";
		};
		703F15C324A0F60000CD5021 /* Products */ = {
			isa = PBXGroup;
			children = (
				703F15C224A0F60000CD5021 /* ImageCollector.app */,
			);
			name = Products;
			sourceTree = "<group>";
		};
		703F15C424A0F60000CD5021 /* ImageCollector */ = {
			isa = PBXGroup;
			children = (
				703F15C524A0F60000CD5021 /* AppDelegate.swift */,
				703F15C724A0F60000CD5021 /* SceneDelegate.swift */,
				703F15C924A0F60000CD5021 /* ViewController.swift */,
				703F15CB24A0F60000CD5021 /* Main.storyboard */,
				703F15D124A0F60700CD5021 /* Assets.xcassets */,
				703F15D324A0F60700CD5021 /* LaunchScreen.storyboard */,
				703F15D624A0F60700CD5021 /* Info.plist */,
				703F15CE24A0F60000CD5021 /* ImageCollector.xcdatamodeld */,
			);
			path = ImageCollector;
			sourceTree = "<group>";
		};
/* End PBXGroup section */

/* Begin PBXNativeTarget section */
		703F15C124A0F60000CD5021 /* ImageCollector */ = {
			isa = PBXNativeTarget;
			buildConfigurationList = 703F15D924A0F60700CD5021 /* Build configuration list for PBXNativeTarget "ImageCollector" */;
			buildPhases = (
				703F15BE24A0F60000CD5021 /* Sources */,
				703F15BF24A0F60000CD5021 /* Frameworks */,
				703F15C024A0F60000CD5021 /* Resources */,
			);
			buildRules = (
			);
			dependencies = (
			);
			name = ImageCollector;
			productName = ImageCollector;
			productReference = 703F15C224A0F60000CD5021 /* ImageCollector.app */;
			productType = "com.apple.product-type.application";
		};
/* End PBXNativeTarget section */

/* Begin PBXProject section */
		703F15BA24A0F60000CD5021 /* Project object */ = {
			isa = PBXProject;
			attributes = {
				LastSwiftUpdateCheck = 1130;
				LastUpgradeCheck = 1130;
				ORGANIZATIONNAME = udemy;
				TargetAttributes = {
					703F15C124A0F60000CD5021 = {
						CreatedOnToolsVersion = 11.3.1;
					};
				};
			};
			buildConfigurationList = 703F15BD24A0F60000CD5021 /* Build configuration list for PBXProject "ImageCollector" */;
			compatibilityVersion = "Xcode 9.3";
			developmentRegion = en;
			hasScannedForEncodings = 0;
			knownRegions = (
				en,
				Base,
			);
			mainGroup = 703F15B924A0F60000CD5021;
			productRefGroup = 703F15C324A0F60000CD5021 /* Products */;
			projectDirPath = "";
			projectRoot = "";
			targets = (
				703F15C124A0F60000CD5021 /* ImageCollector */,
			);
		};
/* End PBXProject section */

/* Begin PBXResourcesBuildPhase section */
		703F15C024A0F60000CD5021 /* Resources */ = {
			isa = PBXResourcesBuildPhase;
			buildActionMask = 2147483647;
			files = (
				703F15D524A0F60700CD5021 /* LaunchScreen.storyboard in Resources */,
				703F15D224A0F60700CD5021 /* Assets.xcassets in Resources */,
				703F15CD24A0F60000CD5021 /* Main.storyboard in Resources */,
			);
			runOnlyForDeploymentPostprocessing = 0;
		};
/* End PBXResourcesBuildPhase section */

/* Begin PBXSourcesBuildPhase section */
		703F15BE24A0F60000CD5021 /* Sources */ = {
			isa = PBXSourcesBuildPhase;
			buildActionMask = 2147483647;
			files = (
				703F15CA24A0F60000CD5021 /* ViewController.swift in Sources */,
				703F15D024A0F60000CD5021 /* ImageCollector.xcdatamodeld in Sources */,
				703F15C624A0F60000CD5021 /* AppDelegate.swift in Sources */,
				703F15C824A0F60000CD5021 /* SceneDelegate.swift in Sources */,
			);
			runOnlyForDeploymentPostprocessing = 0;
		};
/* End PBXSourcesBuildPhase section */

/* Begin PBXVariantGroup section */
		703F15CB24A0F60000CD5021 /* Main.storyboard */ = {
			isa = PBXVariantGroup;
			children = (
				703F15CC24A0F60000CD5021 /* Base */,
			);
			name = Main.storyboard;
			sourceTree = "<group>";
		};
		703F15D324A0F60700CD5021 /* LaunchScreen.storyboard */ = {
			isa = PBXVariantGroup;
			children = (
				703F15D424A0F60700CD5021 /* Base */,
			);
			name = LaunchScreen.storyboard;
			sourceTree = "<group>";
		};
/* End PBXVariantGroup section */

/* Begin XCBuildConfiguration section */
		703F15D724A0F60700CD5021 /* Debug */ = {
			isa = XCBuildConfiguration;
			buildSettings = {
				ALWAYS_SEARCH_USER_PATHS = NO;
				CLANG_ANALYZER_NONNULL = YES;
				CLANG_ANALYZER_NUMBER_OBJECT_CONVERSION = YES_AGGRESSIVE;
				CLANG_CXX_LANGUAGE_STANDARD = "gnu++14";
				CLANG_CXX_LIBRARY = "libc++";
				CLANG_ENABLE_MODULES = YES;
				CLANG_ENABLE_OBJC_ARC = YES;
				CLANG_ENABLE_OBJC_WEAK = YES;
				CLANG_WARN_BLOCK_CAPTURE_AUTORELEASING = YES;
				CLANG_WARN_BOOL_CONVERSION = YES;
				CLANG_WARN_COMMA = YES;
				CLANG_WARN_CONSTANT_CONVERSION = YES;
				CLANG_WARN_DEPRECATED_OBJC_IMPLEMENTATIONS = YES;
				CLANG_WARN_DIRECT_OBJC_ISA_USAGE = YES_ERROR;
				CLANG_WARN_DOCUMENTATION_COMMENTS = YES;
				CLANG_WARN_EMPTY_BODY = YES;
				CLANG_WARN_ENUM_CONVERSION = YES;
				CLANG_WARN_INFINITE_RECURSION = YES;
				CLANG_WARN_INT_CONVERSION = YES;
				CLANG_WARN_NON_LITERAL_NULL_CONVERSION = YES;
				CLANG_WARN_OBJC_IMPLICIT_RETAIN_SELF = YES;
				CLANG_WARN_OBJC_LITERAL_CONVERSION = YES;
				CLANG_WARN_OBJC_ROOT_CLASS = YES_ERROR;
				CLANG_WARN_RANGE_LOOP_ANALYSIS = YES;
				CLANG_WARN_STRICT_PROTOTYPES = YES;
				CLANG_WARN_SUSPICIOUS_MOVE = YES;
				CLANG_WARN_UNGUARDED_AVAILABILITY = YES_AGGRESSIVE;
				CLANG_WARN_UNREACHABLE_CODE = YES;
				CLANG_WARN__DUPLICATE_METHOD_MATCH = YES;
				COPY_PHASE_STRIP = NO;
				DEBUG_INFORMATION_FORMAT = dwarf;
				ENABLE_STRICT_OBJC_MSGSEND = YES;
				ENABLE_TESTABILITY = YES;
				GCC_C_LANGUAGE_STANDARD = gnu11;
				GCC_DYNAMIC_NO_PIC = NO;
				GCC_NO_COMMON_BLOCKS = YES;
				GCC_OPTIMIZATION_LEVEL = 0;
				GCC_PREPROCESSOR_DEFINITIONS = (
					"DEBUG=1",
					"$(inherited)",
				);
				GCC_WARN_64_TO_32_BIT_CONVERSION = YES;
				GCC_WARN_ABOUT_RETURN_TYPE = YES_ERROR;
				GCC_WARN_UNDECLARED_SELECTOR = YES;
				GCC_WARN_UNINITIALIZED_AUTOS = YES_AGGRESSIVE;
				GCC_WARN_UNUSED_FUNCTION = YES;
				GCC_WARN_UNUSED_VARIABLE = YES;
				IPHONEOS_DEPLOYMENT_TARGET = 13.2;
				MTL_ENABLE_DEBUG_INFO = INCLUDE_SOURCE;
				MTL_FAST_MATH = YES;
				ONLY_ACTIVE_ARCH = YES;
				SDKROOT = iphoneos;
				SWIFT_ACTIVE_COMPILATION_CONDITIONS = DEBUG;
				SWIFT_OPTIMIZATION_LEVEL = "-Onone";
			};
			name = Debug;
		};
		703F15D824A0F60700CD5021 /* Release */ = {
			isa = XCBuildConfiguration;
			buildSettings = {
				ALWAYS_SEARCH_USER_PATHS = NO;
				CLANG_ANALYZER_NONNULL = YES;
				CLANG_ANALYZER_NUMBER_OBJECT_CONVERSION = YES_AGGRESSIVE;
				CLANG_CXX_LANGUAGE_STANDARD = "gnu++14";
				CLANG_CXX_LIBRARY = "libc++";
				CLANG_ENABLE_MODULES = YES;
				CLANG_ENABLE_OBJC_ARC = YES;
				CLANG_ENABLE_OBJC_WEAK = YES;
				CLANG_WARN_BLOCK_CAPTURE_AUTORELEASING = YES;
				CLANG_WARN_BOOL_CONVERSION = YES;
				CLANG_WARN_COMMA = YES;
				CLANG_WARN_CONSTANT_CONVERSION = YES;
				CLANG_WARN_DEPRECATED_OBJC_IMPLEMENTATIONS = YES;
				CLANG_WARN_DIRECT_OBJC_ISA_USAGE = YES_ERROR;
				CLANG_WARN_DOCUMENTATION_COMMENTS = YES;
				CLANG_WARN_EMPTY_BODY = YES;
				CLANG_WARN_ENUM_CONVERSION = YES;
				CLANG_WARN_INFINITE_RECURSION = YES;
				CLANG_WARN_INT_CONVERSION = YES;
				CLANG_WARN_NON_LITERAL_NULL_CONVERSION = YES;
				CLANG_WARN_OBJC_IMPLICIT_RETAIN_SELF = YES;
				CLANG_WARN_OBJC_LITERAL_CONVERSION = YES;
				CLANG_WARN_OBJC_ROOT_CLASS = YES_ERROR;
				CLANG_WARN_RANGE_LOOP_ANALYSIS = YES;
				CLANG_WARN_STRICT_PROTOTYPES = YES;
				CLANG_WARN_SUSPICIOUS_MOVE = YES;
				CLANG_WARN_UNGUARDED_AVAILABILITY = YES_AGGRESSIVE;
				CLANG_WARN_UNREACHABLE_CODE = YES;
				CLANG_WARN__DUPLICATE_METHOD_MATCH = YES;
				COPY_PHASE_STRIP = NO;
				DEBUG_INFORMATION_FORMAT = "dwarf-with-dsym";
				ENABLE_NS_ASSERTIONS = NO;
				ENABLE_STRICT_OBJC_MSGSEND = YES;
				GCC_C_LANGUAGE_STANDARD = gnu11;
				GCC_NO_COMMON_BLOCKS = YES;
				GCC_WARN_64_TO_32_BIT_CONVERSION = YES;
				GCC_WARN_ABOUT_RETURN_TYPE = YES_ERROR;
				GCC_WARN_UNDECLARED_SELECTOR = YES;
				GCC_WARN_UNINITIALIZED_AUTOS = YES_AGGRESSIVE;
				GCC_WARN_UNUSED_FUNCTION = YES;
				GCC_WARN_UNUSED_VARIABLE = YES;
				IPHONEOS_DEPLOYMENT_TARGET = 13.2;
				MTL_ENABLE_DEBUG_INFO = NO;
				MTL_FAST_MATH = YES;
				SDKROOT = iphoneos;
				SWIFT_COMPILATION_MODE = wholemodule;
				SWIFT_OPTIMIZATION_LEVEL = "-O";
				VALIDATE_PRODUCT = YES;
			};
			name = Release;
		};
		703F15DA24A0F60700CD5021 /* Debug */ = {
			isa = XCBuildConfiguration;
			buildSettings = {
				ASSETCATALOG_COMPILER_APPICON_NAME = AppIcon;
				CODE_SIGN_STYLE = Automatic;
				DEVELOPMENT_TEAM = Y4SDF47BA9;
				INFOPLIST_FILE = ImageCollector/Info.plist;
				LD_RUNPATH_SEARCH_PATHS = (
					"$(inherited)",
					"@executable_path/Frameworks",
				);
				PRODUCT_BUNDLE_IDENTIFIER = com.udemy.ImageCollector;
				PRODUCT_NAME = "$(TARGET_NAME)";
				SWIFT_VERSION = 5.0;
				TARGETED_DEVICE_FAMILY = "1,2";
			};
			name = Debug;
		};
		703F15DB24A0F60700CD5021 /* Release */ = {
			isa = XCBuildConfiguration;
			buildSettings = {
				ASSETCATALOG_COMPILER_APPICON_NAME = AppIcon;
				CODE_SIGN_STYLE = Automatic;
				DEVELOPMENT_TEAM = Y4SDF47BA9;
				INFOPLIST_FILE = ImageCollector/Info.plist;
				LD_RUNPATH_SEARCH_PATHS = (
					"$(inherited)",
					"@executable_path/Frameworks",
				);
				PRODUCT_BUNDLE_IDENTIFIER = com.udemy.ImageCollector;
				PRODUCT_NAME = "$(TARGET_NAME)";
				SWIFT_VERSION = 5.0;
				TARGETED_DEVICE_FAMILY = "1,2";
			};
			name = Release;
		};
/* End XCBuildConfiguration section */

/* Begin XCConfigurationList section */
		703F15BD24A0F60000CD5021 /* Build configuration list for PBXProject "ImageCollector" */ = {
			isa = XCConfigurationList;
			buildConfigurations = (
				703F15D724A0F60700CD5021 /* Debug */,
				703F15D824A0F60700CD5021 /* Release */,
			);
			defaultConfigurationIsVisible = 0;
			defaultConfigurationName = Release;
		};
		703F15D924A0F60700CD5021 /* Build configuration list for PBXNativeTarget "ImageCollector" */ = {
			isa = XCConfigurationList;
			buildConfigurations = (
				703F15DA24A0F60700CD5021 /* Debug */,
				703F15DB24A0F60700CD5021 /* Release */,
			);
			defaultConfigurationIsVisible = 0;
			defaultConfigurationName = Release;
		};
/* End XCConfigurationList section */

/* Begin XCVersionGroup section */
		703F15CE24A0F60000CD5021 /* ImageCollector.xcdatamodeld */ = {
			isa = XCVersionGroup;
			children = (
				703F15CF24A0F60000CD5021 /* ImageCollector.xcdatamodel */,
			);
			currentVersion = 703F15CF24A0F60000CD5021 /* ImageCollector.xcdatamodel */;
			path = ImageCollector.xcdatamodeld;
			sourceTree = "<group>";
			versionGroupType = wrapper.xcdatamodel;
		};
/* End XCVersionGroup section */
	};
	rootObject = 703F15BA24A0F60000CD5021 /* Project object */;
}
